// !$*UTF8*$!
{
	archiveVersion = 1;
	classes = {
	};
	objectVersion = 50;
	objects = {

/* Begin PBXBuildFile section */
		129969F5269A2DE7008C2C28 /* main.m in Sources */ = {isa = PBXBuildFile; fileRef = 129969F4269A2DE7008C2C28 /* main.m */; };
		12996A0A269A2F15008C2C28 /* SuperReducedStrings.m in Sources */ = {isa = PBXBuildFile; fileRef = 12996A09269A2F15008C2C28 /* SuperReducedStrings.m */; };
		12996A0B269A2F15008C2C28 /* SuperReducedStrings.m in Sources */ = {isa = PBXBuildFile; fileRef = 12996A09269A2F15008C2C28 /* SuperReducedStrings.m */; };
		12996A0F269A309C008C2C28 /* TestSuperReducedString.m in Sources */ = {isa = PBXBuildFile; fileRef = 12996A0E269A309C008C2C28 /* TestSuperReducedString.m */; };
		12996A10269A309C008C2C28 /* TestSuperReducedString.m in Sources */ = {isa = PBXBuildFile; fileRef = 12996A0E269A309C008C2C28 /* TestSuperReducedString.m */; };
/* End PBXBuildFile section */

/* Begin PBXCopyFilesBuildPhase section */
		129969EF269A2DE7008C2C28 /* CopyFiles */ = {
			isa = PBXCopyFilesBuildPhase;
			buildActionMask = 2147483647;
			dstPath = /usr/share/man/man1/;
			dstSubfolderSpec = 0;
			files = (
			);
			runOnlyForDeploymentPostprocessing = 1;
		};
/* End PBXCopyFilesBuildPhase section */

/* Begin PBXFileReference section */
		129969F1269A2DE7008C2C28 /* Examples */ = {isa = PBXFileReference; explicitFileType = "compiled.mach-o.executable"; includeInIndex = 0; path = Examples; sourceTree = BUILT_PRODUCTS_DIR; };
		129969F4269A2DE7008C2C28 /* main.m */ = {isa = PBXFileReference; lastKnownFileType = sourcecode.c.objc; path = main.m; sourceTree = "<group>"; };
		129969FF269A2E5C008C2C28 /* Tests.xctest */ = {isa = PBXFileReference; explicitFileType = wrapper.cfbundle; includeInIndex = 0; path = Tests.xctest; sourceTree = BUILT_PRODUCTS_DIR; };
		12996A03269A2E5C008C2C28 /* Info.plist */ = {isa = PBXFileReference; lastKnownFileType = text.plist.xml; path = Info.plist; sourceTree = "<group>"; };
		12996A08269A2F15008C2C28 /* SuperReducedStrings.h */ = {isa = PBXFileReference; lastKnownFileType = sourcecode.c.h; path = SuperReducedStrings.h; sourceTree = "<group>"; };
		12996A09269A2F15008C2C28 /* SuperReducedStrings.m */ = {isa = PBXFileReference; lastKnownFileType = sourcecode.c.objc; path = SuperReducedStrings.m; sourceTree = "<group>"; };
		12996A0E269A309C008C2C28 /* TestSuperReducedString.m */ = {isa = PBXFileReference; lastKnownFileType = sourcecode.c.objc; path = TestSuperReducedString.m; sourceTree = "<group>"; };
/* End PBXFileReference section */

/* Begin PBXFrameworksBuildPhase section */
		129969EE269A2DE7008C2C28 /* Frameworks */ = {
			isa = PBXFrameworksBuildPhase;
			buildActionMask = 2147483647;
			files = (
			);
			runOnlyForDeploymentPostprocessing = 0;
		};
		129969FC269A2E5C008C2C28 /* Frameworks */ = {
			isa = PBXFrameworksBuildPhase;
			buildActionMask = 2147483647;
			files = (
			);
			runOnlyForDeploymentPostprocessing = 0;
		};
/* End PBXFrameworksBuildPhase section */

/* Begin PBXGroup section */
		129969E8269A2DE7008C2C28 = {
			isa = PBXGroup;
			children = (
				129969F3269A2DE7008C2C28 /* Examples */,
				12996A07269A2EEA008C2C28 /* SuperReducedStrings */,
				12996A00269A2E5C008C2C28 /* Tests */,
				129969F2269A2DE7008C2C28 /* Products */,
			);
			sourceTree = "<group>";
		};
		129969F2269A2DE7008C2C28 /* Products */ = {
			isa = PBXGroup;
			children = (
				129969F1269A2DE7008C2C28 /* Examples */,
				129969FF269A2E5C008C2C28 /* Tests.xctest */,
			);
			name = Products;
			sourceTree = "<group>";
		};
		129969F3269A2DE7008C2C28 /* Examples */ = {
			isa = PBXGroup;
			children = (
				129969F4269A2DE7008C2C28 /* main.m */,
			);
			path = Examples;
			sourceTree = "<group>";
		};
		12996A00269A2E5C008C2C28 /* Tests */ = {
			isa = PBXGroup;
			children = (
				12996A03269A2E5C008C2C28 /* Info.plist */,
				12996A0E269A309C008C2C28 /* TestSuperReducedString.m */,
			);
			path = Tests;
			sourceTree = "<group>";
		};
		12996A07269A2EEA008C2C28 /* SuperReducedStrings */ = {
			isa = PBXGroup;
			children = (
				12996A08269A2F15008C2C28 /* SuperReducedStrings.h */,
				12996A09269A2F15008C2C28 /* SuperReducedStrings.m */,
			);
			path = SuperReducedStrings;
			sourceTree = "<group>";
		};
/* End PBXGroup section */

/* Begin PBXNativeTarget section */
		129969F0269A2DE7008C2C28 /* Examples */ = {
			isa = PBXNativeTarget;
			buildConfigurationList = 129969F8269A2DE7008C2C28 /* Build configuration list for PBXNativeTarget "Examples" */;
			buildPhases = (
				129969ED269A2DE7008C2C28 /* Sources */,
				129969EE269A2DE7008C2C28 /* Frameworks */,
				129969EF269A2DE7008C2C28 /* CopyFiles */,
			);
			buildRules = (
			);
			dependencies = (
			);
			name = Examples;
			productName = Examples;
			productReference = 129969F1269A2DE7008C2C28 /* Examples */;
			productType = "com.apple.product-type.tool";
		};
		129969FE269A2E5C008C2C28 /* Tests */ = {
			isa = PBXNativeTarget;
			buildConfigurationList = 12996A04269A2E5C008C2C28 /* Build configuration list for PBXNativeTarget "Tests" */;
			buildPhases = (
				129969FB269A2E5C008C2C28 /* Sources */,
				129969FC269A2E5C008C2C28 /* Frameworks */,
				129969FD269A2E5C008C2C28 /* Resources */,
			);
			buildRules = (
			);
			dependencies = (
			);
			name = Tests;
			productName = Tests;
			productReference = 129969FF269A2E5C008C2C28 /* Tests.xctest */;
			productType = "com.apple.product-type.bundle.unit-test";
		};
/* End PBXNativeTarget section */

/* Begin PBXProject section */
		129969E9269A2DE7008C2C28 /* Project object */ = {
			isa = PBXProject;
			attributes = {
				LastUpgradeCheck = 1250;
				TargetAttributes = {
					129969F0269A2DE7008C2C28 = {
						CreatedOnToolsVersion = 12.5.1;
					};
					129969FE269A2E5C008C2C28 = {
						CreatedOnToolsVersion = 12.5.1;
					};
				};
			};
			buildConfigurationList = 129969EC269A2DE7008C2C28 /* Build configuration list for PBXProject "Examples" */;
			compatibilityVersion = "Xcode 9.3";
			developmentRegion = en;
			hasScannedForEncodings = 0;
			knownRegions = (
				en,
				Base,
			);
			mainGroup = 129969E8269A2DE7008C2C28;
			productRefGroup = 129969F2269A2DE7008C2C28 /* Products */;
			projectDirPath = "";
			projectRoot = "";
			targets = (
				129969F0269A2DE7008C2C28 /* Examples */,
				129969FE269A2E5C008C2C28 /* Tests */,
			);
		};
/* End PBXProject section */

/* Begin PBXResourcesBuildPhase section */
		129969FD269A2E5C008C2C28 /* Resources */ = {
			isa = PBXResourcesBuildPhase;
			buildActionMask = 2147483647;
			files = (
			);
			runOnlyForDeploymentPostprocessing = 0;
		};
/* End PBXResourcesBuildPhase section */

/* Begin PBXSourcesBuildPhase section */
		129969ED269A2DE7008C2C28 /* Sources */ = {
			isa = PBXSourcesBuildPhase;
			buildActionMask = 2147483647;
			files = (
				129969F5269A2DE7008C2C28 /* main.m in Sources */,
				12996A0A269A2F15008C2C28 /* SuperReducedStrings.m in Sources */,
				12996A0F269A309C008C2C28 /* TestSuperReducedString.m in Sources */,
			);
			runOnlyForDeploymentPostprocessing = 0;
		};
		129969FB269A2E5C008C2C28 /* Sources */ = {
			isa = PBXSourcesBuildPhase;
			buildActionMask = 2147483647;
			files = (
				12996A0B269A2F15008C2C28 /* SuperReducedStrings.m in Sources */,
				12996A10269A309C008C2C28 /* TestSuperReducedString.m in Sources */,
			);
			runOnlyForDeploymentPostprocessing = 0;
		};
/* End PBXSourcesBuildPhase section */

/* Begin XCBuildConfiguration section */
		129969F6269A2DE7008C2C28 /* Debug */ = {
			isa = XCBuildConfiguration;
			buildSettings = {
				ALWAYS_SEARCH_USER_PATHS = NO;
				CLANG_ANALYZER_NONNULL = YES;
				CLANG_ANALYZER_NUMBER_OBJECT_CONVERSION = YES_AGGRESSIVE;
				CLANG_CXX_LANGUAGE_STANDARD = "gnu++14";
				CLANG_CXX_LIBRARY = "libc++";
				CLANG_ENABLE_MODULES = YES;
				CLANG_ENABLE_OBJC_ARC = YES;
				CLANG_ENABLE_OBJC_WEAK = YES;
				CLANG_WARN_BLOCK_CAPTURE_AUTORELEASING = YES;
				CLANG_WARN_BOOL_CONVERSION = YES;
				CLANG_WARN_COMMA = YES;
				CLANG_WARN_CONSTANT_CONVERSION = YES;
				CLANG_WARN_DEPRECATED_OBJC_IMPLEMENTATIONS = YES;
				CLANG_WARN_DIRECT_OBJC_ISA_USAGE = YES_ERROR;
				CLANG_WARN_DOCUMENTATION_COMMENTS = YES;
				CLANG_WARN_EMPTY_BODY = YES;
				CLANG_WARN_ENUM_CONVERSION = YES;
				CLANG_WARN_INFINITE_RECURSION = YES;
				CLANG_WARN_INT_CONVERSION = YES;
				CLANG_WARN_NON_LITERAL_NULL_CONVERSION = YES;
				CLANG_WARN_OBJC_IMPLICIT_RETAIN_SELF = YES;
				CLANG_WARN_OBJC_LITERAL_CONVERSION = YES;
				CLANG_WARN_OBJC_ROOT_CLASS = YES_ERROR;
				CLANG_WARN_QUOTED_INCLUDE_IN_FRAMEWORK_HEADER = YES;
				CLANG_WARN_RANGE_LOOP_ANALYSIS = YES;
				CLANG_WARN_STRICT_PROTOTYPES = YES;
				CLANG_WARN_SUSPICIOUS_MOVE = YES;
				CLANG_WARN_UNGUARDED_AVAILABILITY = YES_AGGRESSIVE;
				CLANG_WARN_UNREACHABLE_CODE = YES;
				CLANG_WARN__DUPLICATE_METHOD_MATCH = YES;
				COPY_PHASE_STRIP = NO;
				DEBUG_INFORMATION_FORMAT = dwarf;
				ENABLE_STRICT_OBJC_MSGSEND = YES;
				ENABLE_TESTABILITY = YES;
				GCC_C_LANGUAGE_STANDARD = gnu11;
				GCC_DYNAMIC_NO_PIC = NO;
				GCC_NO_COMMON_BLOCKS = YES;
				GCC_OPTIMIZATION_LEVEL = 0;
				GCC_PREPROCESSOR_DEFINITIONS = (
					"DEBUG=1",
					"$(inherited)",
				);
				GCC_WARN_64_TO_32_BIT_CONVERSION = YES;
				GCC_WARN_ABOUT_RETURN_TYPE = YES_ERROR;
				GCC_WARN_UNDECLARED_SELECTOR = YES;
				GCC_WARN_UNINITIALIZED_AUTOS = YES_AGGRESSIVE;
				GCC_WARN_UNUSED_FUNCTION = YES;
				GCC_WARN_UNUSED_VARIABLE = YES;
				MACOSX_DEPLOYMENT_TARGET = 11.3;
				MTL_ENABLE_DEBUG_INFO = INCLUDE_SOURCE;
				MTL_FAST_MATH = YES;
				ONLY_ACTIVE_ARCH = YES;
				SDKROOT = macosx;
			};
			name = Debug;
		};
		129969F7269A2DE7008C2C28 /* Release */ = {
			isa = XCBuildConfiguration;
			buildSettings = {
				ALWAYS_SEARCH_USER_PATHS = NO;
				CLANG_ANALYZER_NONNULL = YES;
				CLANG_ANALYZER_NUMBER_OBJECT_CONVERSION = YES_AGGRESSIVE;
				CLANG_CXX_LANGUAGE_STANDARD = "gnu++14";
				CLANG_CXX_LIBRARY = "libc++";
				CLANG_ENABLE_MODULES = YES;
				CLANG_ENABLE_OBJC_ARC = YES;
				CLANG_ENABLE_OBJC_WEAK = YES;
				CLANG_WARN_BLOCK_CAPTURE_AUTORELEASING = YES;
				CLANG_WARN_BOOL_CONVERSION = YES;
				CLANG_WARN_COMMA = YES;
				CLANG_WARN_CONSTANT_CONVERSION = YES;
				CLANG_WARN_DEPRECATED_OBJC_IMPLEMENTATIONS = YES;
				CLANG_WARN_DIRECT_OBJC_ISA_USAGE = YES_ERROR;
				CLANG_WARN_DOCUMENTATION_COMMENTS = YES;
				CLANG_WARN_EMPTY_BODY = YES;
				CLANG_WARN_ENUM_CONVERSION = YES;
				CLANG_WARN_INFINITE_RECURSION = YES;
				CLANG_WARN_INT_CONVERSION = YES;
				CLANG_WARN_NON_LITERAL_NULL_CONVERSION = YES;
				CLANG_WARN_OBJC_IMPLICIT_RETAIN_SELF = YES;
				CLANG_WARN_OBJC_LITERAL_CONVERSION = YES;
				CLANG_WARN_OBJC_ROOT_CLASS = YES_ERROR;
				CLANG_WARN_QUOTED_INCLUDE_IN_FRAMEWORK_HEADER = YES;
				CLANG_WARN_RANGE_LOOP_ANALYSIS = YES;
				CLANG_WARN_STRICT_PROTOTYPES = YES;
				CLANG_WARN_SUSPICIOUS_MOVE = YES;
				CLANG_WARN_UNGUARDED_AVAILABILITY = YES_AGGRESSIVE;
				CLANG_WARN_UNREACHABLE_CODE = YES;
				CLANG_WARN__DUPLICATE_METHOD_MATCH = YES;
				COPY_PHASE_STRIP = NO;
				DEBUG_INFORMATION_FORMAT = "dwarf-with-dsym";
				ENABLE_NS_ASSERTIONS = NO;
				ENABLE_STRICT_OBJC_MSGSEND = YES;
				GCC_C_LANGUAGE_STANDARD = gnu11;
				GCC_NO_COMMON_BLOCKS = YES;
				GCC_WARN_64_TO_32_BIT_CONVERSION = YES;
				GCC_WARN_ABOUT_RETURN_TYPE = YES_ERROR;
				GCC_WARN_UNDECLARED_SELECTOR = YES;
				GCC_WARN_UNINITIALIZED_AUTOS = YES_AGGRESSIVE;
				GCC_WARN_UNUSED_FUNCTION = YES;
				GCC_WARN_UNUSED_VARIABLE = YES;
				MACOSX_DEPLOYMENT_TARGET = 11.3;
				MTL_ENABLE_DEBUG_INFO = NO;
				MTL_FAST_MATH = YES;
				SDKROOT = macosx;
			};
			name = Release;
		};
		129969F9269A2DE7008C2C28 /* Debug */ = {
			isa = XCBuildConfiguration;
			buildSettings = {
				CODE_SIGN_STYLE = Automatic;
				DEVELOPMENT_TEAM = EDRWBR8M76;
				ENABLE_HARDENED_RUNTIME = YES;
				PRODUCT_NAME = "$(TARGET_NAME)";
			};
			name = Debug;
		};
		129969FA269A2DE7008C2C28 /* Release */ = {
			isa = XCBuildConfiguration;
			buildSettings = {
				CODE_SIGN_STYLE = Automatic;
				DEVELOPMENT_TEAM = EDRWBR8M76;
				ENABLE_HARDENED_RUNTIME = YES;
				PRODUCT_NAME = "$(TARGET_NAME)";
			};
			name = Release;
		};
		12996A05269A2E5C008C2C28 /* Debug */ = {
			isa = XCBuildConfiguration;
			buildSettings = {
				CODE_SIGN_STYLE = Automatic;
				COMBINE_HIDPI_IMAGES = YES;
				DEVELOPMENT_TEAM = EDRWBR8M76;
				INFOPLIST_FILE = Tests/Info.plist;
				LD_RUNPATH_SEARCH_PATHS = (
					"$(inherited)",
					"@executable_path/../Frameworks",
					"@loader_path/../Frameworks",
				);
				PRODUCT_BUNDLE_IDENTIFIER = com.asleepace.Tests;
				PRODUCT_NAME = "$(TARGET_NAME)";
			};
			name = Debug;
		};
		12996A06269A2E5C008C2C28 /* Release */ = {
			isa = XCBuildConfiguration;
			buildSettings = {
				CODE_SIGN_STYLE = Automatic;
				COMBINE_HIDPI_IMAGES = YES;
				DEVELOPMENT_TEAM = EDRWBR8M76;
				INFOPLIST_FILE = Tests/Info.plist;
				LD_RUNPATH_SEARCH_PATHS = (
					"$(inherited)",
					"@executable_path/../Frameworks",
					"@loader_path/../Frameworks",
				);
				PRODUCT_BUNDLE_IDENTIFIER = com.asleepace.Tests;
				PRODUCT_NAME = "$(TARGET_NAME)";
			};
			name = Release;
		};
/* End XCBuildConfiguration section */

/* Begin XCConfigurationList section */
		129969EC269A2DE7008C2C28 /* Build configuration list for PBXProject "Examples" */ = {
			isa = XCConfigurationList;
			buildConfigurations = (
				129969F6269A2DE7008C2C28 /* Debug */,
				129969F7269A2DE7008C2C28 /* Release */,
			);
			defaultConfigurationIsVisible = 0;
			defaultConfigurationName = Release;
		};
		129969F8269A2DE7008C2C28 /* Build configuration list for PBXNativeTarget "Examples" */ = {
			isa = XCConfigurationList;
			buildConfigurations = (
				129969F9269A2DE7008C2C28 /* Debug */,
				129969FA269A2DE7008C2C28 /* Release */,
			);
			defaultConfigurationIsVisible = 0;
			defaultConfigurationName = Release;
		};
		12996A04269A2E5C008C2C28 /* Build configuration list for PBXNativeTarget "Tests" */ = {
			isa = XCConfigurationList;
			buildConfigurations = (
				12996A05269A2E5C008C2C28 /* Debug */,
				12996A06269A2E5C008C2C28 /* Release */,
			);
			defaultConfigurationIsVisible = 0;
			defaultConfigurationName = Release;
		};
/* End XCConfigurationList section */
	};
	rootObject = 129969E9269A2DE7008C2C28 /* Project object */;
}
